
Microsoft Visual Studio Solution File, Format Version 12.00
# Visual Studio Version 16
VisualStudioVersion = 16.0.28803.202
MinimumVisualStudioVersion = 10.0.40219.1
Project("{FAE04EC0-301F-11D3-BF4B-00C04F79EFBC}") = "MathQuiz", "MathQuiz\MathQuiz.csproj", "{B7CB18B0-DAB4-43C5-8958-A9CF53C5AB42}"
EndProject
Global
	GlobalSection(SolutionConfigurationPlatforms) = preSolution
		Debug|Any CPU = Debug|Any CPU
		Release|Any CPU = Release|Any CPU
	EndGlobalSection
	GlobalSection(ProjectConfigurationPlatforms) = postSolution
		{B7CB18B0-DAB4-43C5-8958-A9CF53C5AB42}.Debug|Any CPU.ActiveCfg = Debug|Any CPU
		{B7CB18B0-DAB4-43C5-8958-A9CF53C5AB42}.Debug|Any CPU.Build.0 = Debug|Any CPU
		{B7CB18B0-DAB4-43C5-8958-A9CF53C5AB42}.Release|Any CPU.ActiveCfg = Release|Any CPU
		{B7CB18B0-DAB4-43C5-8958-A9CF53C5AB42}.Release|Any CPU.Build.0 = Release|Any CPU
	EndGlobalSection
	GlobalSection(SolutionProperties) = preSolution
		HideSolutionNode = FALSE
	EndGlobalSection
	GlobalSection(ExtensibilityGlobals) = postSolution
		SolutionGuid = {23684260-03E5-4570-B0AA-1320886D2E5A}
	EndGlobalSection
EndGlobal
