
Microsoft Visual Studio Solution File, Format Version 12.00
# Visual Studio Version 16
VisualStudioVersion = 16.0.28922.388
MinimumVisualStudioVersion = 10.0.40219.1
Project("{FAE04EC0-301F-11D3-BF4B-00C04F79EFBC}") = "ContosoUniversity", "ContosoUniversity.csproj", "{0B56D308-601D-485A-B375-C3F3582782E5}"
EndProject
Global
	GlobalSection(SolutionConfigurationPlatforms) = preSolution
		Debug|Any CPU = Debug|Any CPU
		Release|Any CPU = Release|Any CPU
	EndGlobalSection
	GlobalSection(ProjectConfigurationPlatforms) = postSolution
		{0B56D308-601D-485A-B375-C3F3582782E5}.Debug|Any CPU.ActiveCfg = Debug|Any CPU
		{0B56D308-601D-485A-B375-C3F3582782E5}.Debug|Any CPU.Build.0 = Debug|Any CPU
		{0B56D308-601D-485A-B375-C3F3582782E5}.Release|Any CPU.ActiveCfg = Release|Any CPU
		{0B56D308-601D-485A-B375-C3F3582782E5}.Release|Any CPU.Build.0 = Release|Any CPU
	EndGlobalSection
	GlobalSection(SolutionProperties) = preSolution
		HideSolutionNode = FALSE
	EndGlobalSection
	GlobalSection(ExtensibilityGlobals) = postSolution
		SolutionGuid = {A7F9B0A7-00FD-4B5A-A0D1-667782AF5F74}
	EndGlobalSection
EndGlobal
